// !$*UTF8*$!
{
	archiveVersion = 1;
	classes = {
	};
	objectVersion = 77;
	objects = {

/* Begin PBXBuildFile section */
		8A1C3C7D2C6A4A11008B1010 /* LidStayApp.swift in Sources */ = {isa = PBXBuildFile; fileRef = 8A1C3C762C6A4A11008B1010 /* LidStayApp.swift */; };
		8A1C3C7E2C6A4A11008B1010 /* MenuBarView.swift in Sources */ = {isa = PBXBuildFile; fileRef = 8A1C3C772C6A4A11008B1010 /* MenuBarView.swift */; };
		8A1C3CB12C6A4A17008B1010 /* StatusItemController.swift in Sources */ = {isa = PBXBuildFile; fileRef = 8A1C3CB02C6A4A17008B1010 /* StatusItemController.swift */; };
		8A1C3C7F2C6A4A11008B1010 /* AppState.swift in Sources */ = {isa = PBXBuildFile; fileRef = 8A1C3C782C6A4A11008B1010 /* AppState.swift */; };
		8A1C3C802C6A4A11008B1010 /* PowerAssertionController.swift in Sources */ = {isa = PBXBuildFile; fileRef = 8A1C3C792C6A4A11008B1010 /* PowerAssertionController.swift */; };
		8A1C3C812C6A4A11008B1010 /* PowerSourceMonitor.swift in Sources */ = {isa = PBXBuildFile; fileRef = 8A1C3C7A2C6A4A11008B1010 /* PowerSourceMonitor.swift */; };
		8A1C3C912C6A4A12008B1010 /* AboutView.swift in Sources */ = {isa = PBXBuildFile; fileRef = 8A1C3C8E2C6A4A12008B1010 /* AboutView.swift */; };
		8A1C3C922C6A4A12008B1010 /* AboutWindowController.swift in Sources */ = {isa = PBXBuildFile; fileRef = 8A1C3C8F2C6A4A12008B1010 /* AboutWindowController.swift */; };
		8A1C3C932C6A4A12008B1010 /* Assets.xcassets in Resources */ = {isa = PBXBuildFile; fileRef = 8A1C3C902C6A4A12008B1010 /* Assets.xcassets */; };
		8A1C3CA02C6A4A13008B1010 /* OptionsView.swift in Sources */ = {isa = PBXBuildFile; fileRef = 8A1C3C9E2C6A4A13008B1010 /* OptionsView.swift */; };
		8A1C3CA12C6A4A13008B1010 /* OptionsWindowController.swift in Sources */ = {isa = PBXBuildFile; fileRef = 8A1C3C9F2C6A4A13008B1010 /* OptionsWindowController.swift */; };
		8A1C3CA32C6A4A14008B1010 /* CLICommand.swift in Sources */ = {isa = PBXBuildFile; fileRef = 8A1C3CA22C6A4A14008B1010 /* CLICommand.swift */; };
		8A1C3CA52C6A4A15008B1010 /* CLIInstaller.swift in Sources */ = {isa = PBXBuildFile; fileRef = 8A1C3CA42C6A4A15008B1010 /* CLIInstaller.swift */; };
		8A1C3CA72C6A4A15008B1010 /* lidstay in Resources */ = {isa = PBXBuildFile; fileRef = 8A1C3CA62C6A4A15008B1010 /* lidstay */; };
		8A1C3CAA2C6A4A16008B1010 /* UpdateController.swift in Sources */ = {isa = PBXBuildFile; fileRef = 8A1C3CA92C6A4A16008B1010 /* UpdateController.swift */; };
		8A1C3CAD2C6A4A16008B1010 /* Sparkle in Frameworks */ = {isa = PBXBuildFile; productRef = 8A1C3CAC2C6A4A16008B1010 /* Sparkle */; };
/* End PBXBuildFile section */

/* Begin PBXFileReference section */
		8A1C3C722C6A4A10008B1010 /* LidStay.app */ = {isa = PBXFileReference; explicitFileType = wrapper.application; includeInIndex = 0; path = LidStay.app; sourceTree = BUILT_PRODUCTS_DIR; };
		8A1C3C762C6A4A11008B1010 /* LidStayApp.swift */ = {isa = PBXFileReference; lastKnownFileType = sourcecode.swift; path = LidStayApp.swift; sourceTree = "<group>"; };
		8A1C3C772C6A4A11008B1010 /* MenuBarView.swift */ = {isa = PBXFileReference; lastKnownFileType = sourcecode.swift; path = MenuBarView.swift; sourceTree = "<group>"; };
		8A1C3CB02C6A4A17008B1010 /* StatusItemController.swift */ = {isa = PBXFileReference; lastKnownFileType = sourcecode.swift; path = StatusItemController.swift; sourceTree = "<group>"; };
		8A1C3C782C6A4A11008B1010 /* AppState.swift */ = {isa = PBXFileReference; lastKnownFileType = sourcecode.swift; path = AppState.swift; sourceTree = "<group>"; };
		8A1C3C792C6A4A11008B1010 /* PowerAssertionController.swift */ = {isa = PBXFileReference; lastKnownFileType = sourcecode.swift; path = PowerAssertionController.swift; sourceTree = "<group>"; };
		8A1C3C7A2C6A4A11008B1010 /* PowerSourceMonitor.swift */ = {isa = PBXFileReference; lastKnownFileType = sourcecode.swift; path = PowerSourceMonitor.swift; sourceTree = "<group>"; };
		8A1C3C8E2C6A4A12008B1010 /* AboutView.swift */ = {isa = PBXFileReference; lastKnownFileType = sourcecode.swift; path = AboutView.swift; sourceTree = "<group>"; };
		8A1C3C8F2C6A4A12008B1010 /* AboutWindowController.swift */ = {isa = PBXFileReference; lastKnownFileType = sourcecode.swift; path = AboutWindowController.swift; sourceTree = "<group>"; };
		8A1C3C902C6A4A12008B1010 /* Assets.xcassets */ = {isa = PBXFileReference; lastKnownFileType = folder.assetcatalog; path = Assets.xcassets; sourceTree = "<group>"; };
		8A1C3C9E2C6A4A13008B1010 /* OptionsView.swift */ = {isa = PBXFileReference; lastKnownFileType = sourcecode.swift; path = OptionsView.swift; sourceTree = "<group>"; };
		8A1C3C9F2C6A4A13008B1010 /* OptionsWindowController.swift */ = {isa = PBXFileReference; lastKnownFileType = sourcecode.swift; path = OptionsWindowController.swift; sourceTree = "<group>"; };
		8A1C3CA22C6A4A14008B1010 /* CLICommand.swift */ = {isa = PBXFileReference; lastKnownFileType = sourcecode.swift; path = CLICommand.swift; sourceTree = "<group>"; };
		8A1C3CA42C6A4A15008B1010 /* CLIInstaller.swift */ = {isa = PBXFileReference; lastKnownFileType = sourcecode.swift; path = CLIInstaller.swift; sourceTree = "<group>"; };
		8A1C3CA62C6A4A15008B1010 /* lidstay */ = {isa = PBXFileReference; lastKnownFileType = text.script.sh; path = lidstay; sourceTree = "<group>"; };
		8A1C3CA92C6A4A16008B1010 /* UpdateController.swift */ = {isa = PBXFileReference; lastKnownFileType = sourcecode.swift; path = UpdateController.swift; sourceTree = "<group>"; };
		8A1C3CAE2C6A4A16008B1010 /* Info.plist */ = {isa = PBXFileReference; lastKnownFileType = text.plist.xml; path = Info.plist; sourceTree = "<group>"; };
/* End PBXFileReference section */

/* Begin PBXFileSystemSynchronizedRootGroup section */
/* End PBXFileSystemSynchronizedRootGroup section */

/* Begin PBXFrameworksBuildPhase section */
		8A1C3C6F2C6A4A10008B1010 /* Frameworks */ = {
			isa = PBXFrameworksBuildPhase;
			buildActionMask = 2147483647;
			files = (
				8A1C3CAD2C6A4A16008B1010 /* Sparkle in Frameworks */,
			);
			runOnlyForDeploymentPostprocessing = 0;
		};
/* End PBXFrameworksBuildPhase section */

/* Begin PBXGroup section */
		8A1C3C682C6A4A10008B1010 = {
			isa = PBXGroup;
			children = (
				8A1C3C752C6A4A11008B1010 /* LidStay */,
				8A1C3CA82C6A4A15008B1010 /* CLI */,
				8A1C3C732C6A4A10008B1010 /* Products */,
			);
			sourceTree = "<group>";
		};
		8A1C3C732C6A4A10008B1010 /* Products */ = {
			isa = PBXGroup;
			children = (
				8A1C3C722C6A4A10008B1010 /* LidStay.app */,
			);
			name = Products;
			sourceTree = "<group>";
		};
		8A1C3C752C6A4A11008B1010 /* LidStay */ = {
			isa = PBXGroup;
			children = (
				8A1C3C762C6A4A11008B1010 /* LidStayApp.swift */,
				8A1C3C772C6A4A11008B1010 /* MenuBarView.swift */,
				8A1C3CB02C6A4A17008B1010 /* StatusItemController.swift */,
				8A1C3C782C6A4A11008B1010 /* AppState.swift */,
				8A1C3C792C6A4A11008B1010 /* PowerAssertionController.swift */,
				8A1C3C7A2C6A4A11008B1010 /* PowerSourceMonitor.swift */,
				8A1C3CA22C6A4A14008B1010 /* CLICommand.swift */,
				8A1C3CA42C6A4A15008B1010 /* CLIInstaller.swift */,
				8A1C3CA92C6A4A16008B1010 /* UpdateController.swift */,
				8A1C3C9E2C6A4A13008B1010 /* OptionsView.swift */,
				8A1C3C9F2C6A4A13008B1010 /* OptionsWindowController.swift */,
				8A1C3C8E2C6A4A12008B1010 /* AboutView.swift */,
				8A1C3C8F2C6A4A12008B1010 /* AboutWindowController.swift */,
				8A1C3CAE2C6A4A16008B1010 /* Info.plist */,
				8A1C3C902C6A4A12008B1010 /* Assets.xcassets */,
			);
			path = LidStay;
			sourceTree = "<group>";
		};
		8A1C3CA82C6A4A15008B1010 /* CLI */ = {
			isa = PBXGroup;
			children = (
				8A1C3CA62C6A4A15008B1010 /* lidstay */,
			);
			path = CLI;
			sourceTree = "<group>";
		};
/* End PBXGroup section */

/* Begin PBXNativeTarget section */
		8A1C3C712C6A4A10008B1010 /* LidStay */ = {
			isa = PBXNativeTarget;
			buildConfigurationList = 8A1C3C8B2C6A4A11008B1010 /* Build configuration list for PBXNativeTarget "LidStay" */;
			buildPhases = (
				8A1C3C6E2C6A4A10008B1010 /* Sources */,
				8A1C3C6F2C6A4A10008B1010 /* Frameworks */,
				8A1C3C702C6A4A10008B1010 /* Resources */,
			);
			buildRules = (
			);
			dependencies = (
			);
			name = LidStay;
			packageProductDependencies = (
				8A1C3CAC2C6A4A16008B1010 /* Sparkle */,
			);
			productName = LidStay;
			productReference = 8A1C3C722C6A4A10008B1010 /* LidStay.app */;
			productType = "com.apple.product-type.application";
		};
/* End PBXNativeTarget section */

/* Begin PBXProject section */
		8A1C3C692C6A4A10008B1010 /* Project object */ = {
			isa = PBXProject;
			attributes = {
				BuildIndependentTargetsInParallel = 1;
				LastSwiftUpdateCheck = 2600;
				LastUpgradeCheck = 2600;
				TargetAttributes = {
					8A1C3C712C6A4A10008B1010 = {
						CreatedOnToolsVersion = 26.0.1;
					};
				};
			};
			buildConfigurationList = 8A1C3C6C2C6A4A10008B1010 /* Build configuration list for PBXProject "LidStay" */;
			developmentRegion = en;
			hasScannedForEncodings = 0;
			knownRegions = (
				en,
				Base,
			);
			mainGroup = 8A1C3C682C6A4A10008B1010;
			minimizedProjectReferenceProxies = 1;
			packageReferences = (
				8A1C3CAB2C6A4A16008B1010 /* XCRemoteSwiftPackageReference "Sparkle" */,
			);
			preferredProjectObjectVersion = 77;
			productRefGroup = 8A1C3C732C6A4A10008B1010 /* Products */;
			projectDirPath = "";
			projectRoot = "";
			targets = (
				8A1C3C712C6A4A10008B1010 /* LidStay */,
			);
		};
/* End PBXProject section */

/* Begin PBXResourcesBuildPhase section */
		8A1C3C702C6A4A10008B1010 /* Resources */ = {
			isa = PBXResourcesBuildPhase;
			buildActionMask = 2147483647;
			files = (
				8A1C3C932C6A4A12008B1010 /* Assets.xcassets in Resources */,
				8A1C3CA72C6A4A15008B1010 /* lidstay in Resources */,
			);
			runOnlyForDeploymentPostprocessing = 0;
		};
/* End PBXResourcesBuildPhase section */

/* Begin PBXSourcesBuildPhase section */
		8A1C3C6E2C6A4A10008B1010 /* Sources */ = {
			isa = PBXSourcesBuildPhase;
			buildActionMask = 2147483647;
			files = (
				8A1C3C7D2C6A4A11008B1010 /* LidStayApp.swift in Sources */,
				8A1C3C7E2C6A4A11008B1010 /* MenuBarView.swift in Sources */,
				8A1C3CB12C6A4A17008B1010 /* StatusItemController.swift in Sources */,
				8A1C3C7F2C6A4A11008B1010 /* AppState.swift in Sources */,
				8A1C3C802C6A4A11008B1010 /* PowerAssertionController.swift in Sources */,
				8A1C3C812C6A4A11008B1010 /* PowerSourceMonitor.swift in Sources */,
				8A1C3C912C6A4A12008B1010 /* AboutView.swift in Sources */,
				8A1C3C922C6A4A12008B1010 /* AboutWindowController.swift in Sources */,
				8A1C3CA32C6A4A14008B1010 /* CLICommand.swift in Sources */,
				8A1C3CA52C6A4A15008B1010 /* CLIInstaller.swift in Sources */,
				8A1C3CAA2C6A4A16008B1010 /* UpdateController.swift in Sources */,
				8A1C3CA02C6A4A13008B1010 /* OptionsView.swift in Sources */,
				8A1C3CA12C6A4A13008B1010 /* OptionsWindowController.swift in Sources */,
			);
			runOnlyForDeploymentPostprocessing = 0;
		};
/* End PBXSourcesBuildPhase section */

/* Begin XCBuildConfiguration section */
		8A1C3C892C6A4A11008B1010 /* Debug */ = {
			isa = XCBuildConfiguration;
			buildSettings = {
				ALWAYS_SEARCH_USER_PATHS = NO;
				ASSETCATALOG_COMPILER_GENERATE_SWIFT_ASSET_SYMBOL_EXTENSIONS = YES;
				CLANG_ANALYZER_NONNULL = YES;
				CLANG_ANALYZER_NUMBER_OBJECT_CONVERSION = YES_AGGRESSIVE;
				CLANG_CXX_LANGUAGE_STANDARD = "gnu++20";
				CLANG_ENABLE_MODULES = YES;
				CLANG_ENABLE_OBJC_ARC = YES;
				CLANG_ENABLE_OBJC_WEAK = YES;
				CLANG_WARN_BLOCK_CAPTURE_AUTORELEASING = YES;
				CLANG_WARN_BOOL_CONVERSION = YES;
				CLANG_WARN_COMMA = YES;
				CLANG_WARN_CONSTANT_CONVERSION = YES;
				CLANG_WARN_DEPRECATED_OBJC_IMPLEMENTATIONS = YES;
				CLANG_WARN_DIRECT_OBJC_ISA_USAGE = YES_ERROR;
				CLANG_WARN_DOCUMENTATION_COMMENTS = YES;
				CLANG_WARN_EMPTY_BODY = YES;
				CLANG_WARN_ENUM_CONVERSION = YES;
				CLANG_WARN_INFINITE_RECURSION = YES;
				CLANG_WARN_INT_CONVERSION = YES;
				CLANG_WARN_NON_LITERAL_NULL_CONVERSION = YES;
				CLANG_WARN_OBJC_IMPLICIT_RETAIN_SELF = YES;
				CLANG_WARN_OBJC_LITERAL_CONVERSION = YES;
				CLANG_WARN_OBJC_ROOT_CLASS = YES_ERROR;
				CLANG_WARN_QUOTED_INCLUDE_IN_FRAMEWORK_HEADER = YES;
				CLANG_WARN_RANGE_LOOP_ANALYSIS = YES;
				CLANG_WARN_STRICT_PROTOTYPES = YES;
				CLANG_WARN_SUSPICIOUS_MOVE = YES;
				CLANG_WARN_UNGUARDED_AVAILABILITY = YES_AGGRESSIVE;
				CLANG_WARN_UNREACHABLE_CODE = YES;
				CLANG_WARN__DUPLICATE_METHOD_MATCH = YES;
				COPY_PHASE_STRIP = NO;
				DEBUG_INFORMATION_FORMAT = dwarf;
				ENABLE_STRICT_OBJC_MSGSEND = YES;
				ENABLE_TESTABILITY = YES;
				ENABLE_USER_SCRIPT_SANDBOXING = YES;
				GCC_C_LANGUAGE_STANDARD = gnu17;
				GCC_DYNAMIC_NO_PIC = NO;
				GCC_NO_COMMON_BLOCKS = YES;
				GCC_OPTIMIZATION_LEVEL = 0;
				GCC_PREPROCESSOR_DEFINITIONS = (
					"DEBUG=1",
					"$(inherited)",
				);
				GCC_WARN_64_TO_32_BIT_CONVERSION = YES;
				GCC_WARN_ABOUT_RETURN_TYPE = YES_ERROR;
				GCC_WARN_UNDECLARED_SELECTOR = YES;
				GCC_WARN_UNINITIALIZED_AUTOS = YES_AGGRESSIVE;
				GCC_WARN_UNUSED_FUNCTION = YES;
				GCC_WARN_UNUSED_VARIABLE = YES;
				LOCALIZATION_PREFERS_STRING_CATALOGS = YES;
				MACOSX_DEPLOYMENT_TARGET = 13.0;
				MTL_ENABLE_DEBUG_INFO = INCLUDE_SOURCE;
				MTL_FAST_MATH = YES;
				ONLY_ACTIVE_ARCH = YES;
				SDKROOT = macosx;
				SWIFT_ACTIVE_COMPILATION_CONDITIONS = "DEBUG $(inherited)";
				SWIFT_OPTIMIZATION_LEVEL = "-Onone";
			};
			name = Debug;
		};
		8A1C3C8A2C6A4A11008B1010 /* Release */ = {
			isa = XCBuildConfiguration;
			buildSettings = {
				ALWAYS_SEARCH_USER_PATHS = NO;
				ASSETCATALOG_COMPILER_GENERATE_SWIFT_ASSET_SYMBOL_EXTENSIONS = YES;
				CLANG_ANALYZER_NONNULL = YES;
				CLANG_ANALYZER_NUMBER_OBJECT_CONVERSION = YES_AGGRESSIVE;
				CLANG_CXX_LANGUAGE_STANDARD = "gnu++20";
				CLANG_ENABLE_MODULES = YES;
				CLANG_ENABLE_OBJC_ARC = YES;
				CLANG_ENABLE_OBJC_WEAK = YES;
				CLANG_WARN_BLOCK_CAPTURE_AUTORELEASING = YES;
				CLANG_WARN_BOOL_CONVERSION = YES;
				CLANG_WARN_COMMA = YES;
				CLANG_WARN_CONSTANT_CONVERSION = YES;
				CLANG_WARN_DEPRECATED_OBJC_IMPLEMENTATIONS = YES;
				CLANG_WARN_DIRECT_OBJC_ISA_USAGE = YES_ERROR;
				CLANG_WARN_DOCUMENTATION_COMMENTS = YES;
				CLANG_WARN_EMPTY_BODY = YES;
				CLANG_WARN_ENUM_CONVERSION = YES;
				CLANG_WARN_INFINITE_RECURSION = YES;
				CLANG_WARN_INT_CONVERSION = YES;
				CLANG_WARN_NON_LITERAL_NULL_CONVERSION = YES;
				CLANG_WARN_OBJC_IMPLICIT_RETAIN_SELF = YES;
				CLANG_WARN_OBJC_LITERAL_CONVERSION = YES;
				CLANG_WARN_OBJC_ROOT_CLASS = YES_ERROR;
				CLANG_WARN_QUOTED_INCLUDE_IN_FRAMEWORK_HEADER = YES;
				CLANG_WARN_RANGE_LOOP_ANALYSIS = YES;
				CLANG_WARN_STRICT_PROTOTYPES = YES;
				CLANG_WARN_SUSPICIOUS_MOVE = YES;
				CLANG_WARN_UNGUARDED_AVAILABILITY = YES_AGGRESSIVE;
				CLANG_WARN_UNREACHABLE_CODE = YES;
				CLANG_WARN__DUPLICATE_METHOD_MATCH = YES;
				COPY_PHASE_STRIP = NO;
				DEBUG_INFORMATION_FORMAT = "dwarf-with-dsym";
				ENABLE_NS_ASSERTIONS = NO;
				ENABLE_STRICT_OBJC_MSGSEND = YES;
				ENABLE_USER_SCRIPT_SANDBOXING = YES;
				GCC_C_LANGUAGE_STANDARD = gnu17;
				GCC_NO_COMMON_BLOCKS = YES;
				GCC_WARN_64_TO_32_BIT_CONVERSION = YES;
				GCC_WARN_ABOUT_RETURN_TYPE = YES_ERROR;
				GCC_WARN_UNDECLARED_SELECTOR = YES;
				GCC_WARN_UNINITIALIZED_AUTOS = YES_AGGRESSIVE;
				GCC_WARN_UNUSED_FUNCTION = YES;
				GCC_WARN_UNUSED_VARIABLE = YES;
				LOCALIZATION_PREFERS_STRING_CATALOGS = YES;
				MACOSX_DEPLOYMENT_TARGET = 13.0;
				MTL_ENABLE_DEBUG_INFO = NO;
				MTL_FAST_MATH = YES;
				SDKROOT = macosx;
				SWIFT_COMPILATION_MODE = wholemodule;
				VALIDATE_PRODUCT = YES;
			};
			name = Release;
		};
		8A1C3C8C2C6A4A11008B1010 /* Debug */ = {
			isa = XCBuildConfiguration;
			buildSettings = {
				ASSETCATALOG_COMPILER_APPICON_NAME = AppIcon;
				CODE_SIGN_STYLE = Automatic;
				COMBINE_HIDPI_IMAGES = YES;
				CURRENT_PROJECT_VERSION = 5;
				DEVELOPMENT_TEAM = 4CL25TC734;
				ENABLE_HARDENED_RUNTIME = YES;
				GENERATE_INFOPLIST_FILE = NO;
				INFOPLIST_FILE = LidStay/Info.plist;
				LD_RUNPATH_SEARCH_PATHS = (
					"$(inherited)",
					"@executable_path/../Frameworks",
				);
				MACOSX_DEPLOYMENT_TARGET = 13.0;
				MARKETING_VERSION = 1.0.4;
				PRODUCT_BUNDLE_IDENTIFIER = com.ghkdqhrbals.LidStay;
				PRODUCT_NAME = "$(TARGET_NAME)";
				SPARKLE_FEED_URL = "https://github.com/ghkdqhrbals/LidStay/releases/latest/download/appcast.xml";
				SPARKLE_PUBLIC_ED_KEY = "SFBDrWBr+kRxZOiUM1xHY+XgbC8vqAZ9fcLadJ9Trmw=";
				SWIFT_EMIT_LOC_STRINGS = YES;
				SWIFT_VERSION = 5.0;
			};
			name = Debug;
		};
		8A1C3C8D2C6A4A11008B1010 /* Release */ = {
			isa = XCBuildConfiguration;
			buildSettings = {
				ASSETCATALOG_COMPILER_APPICON_NAME = AppIcon;
				CODE_SIGN_STYLE = Automatic;
				COMBINE_HIDPI_IMAGES = YES;
				CURRENT_PROJECT_VERSION = 5;
				DEVELOPMENT_TEAM = 4CL25TC734;
				ENABLE_HARDENED_RUNTIME = YES;
				GENERATE_INFOPLIST_FILE = NO;
				INFOPLIST_FILE = LidStay/Info.plist;
				LD_RUNPATH_SEARCH_PATHS = (
					"$(inherited)",
					"@executable_path/../Frameworks",
				);
				MACOSX_DEPLOYMENT_TARGET = 13.0;
				MARKETING_VERSION = 1.0.4;
				PRODUCT_BUNDLE_IDENTIFIER = com.ghkdqhrbals.LidStay;
				PRODUCT_NAME = "$(TARGET_NAME)";
				SPARKLE_FEED_URL = "https://github.com/ghkdqhrbals/LidStay/releases/latest/download/appcast.xml";
				SPARKLE_PUBLIC_ED_KEY = "SFBDrWBr+kRxZOiUM1xHY+XgbC8vqAZ9fcLadJ9Trmw=";
				SWIFT_EMIT_LOC_STRINGS = YES;
				SWIFT_VERSION = 5.0;
			};
			name = Release;
		};
/* End XCBuildConfiguration section */

/* Begin XCConfigurationList section */
		8A1C3C6C2C6A4A10008B1010 /* Build configuration list for PBXProject "LidStay" */ = {
			isa = XCConfigurationList;
			buildConfigurations = (
				8A1C3C892C6A4A11008B1010 /* Debug */,
				8A1C3C8A2C6A4A11008B1010 /* Release */,
			);
			defaultConfigurationIsVisible = 0;
			defaultConfigurationName = Release;
		};
		8A1C3C8B2C6A4A11008B1010 /* Build configuration list for PBXNativeTarget "LidStay" */ = {
			isa = XCConfigurationList;
			buildConfigurations = (
				8A1C3C8C2C6A4A11008B1010 /* Debug */,
				8A1C3C8D2C6A4A11008B1010 /* Release */,
			);
			defaultConfigurationIsVisible = 0;
			defaultConfigurationName = Release;
		};
/* End XCConfigurationList section */

/* Begin XCRemoteSwiftPackageReference section */
		8A1C3CAB2C6A4A16008B1010 /* XCRemoteSwiftPackageReference "Sparkle" */ = {
			isa = XCRemoteSwiftPackageReference;
			repositoryURL = "https://github.com/sparkle-project/Sparkle";
			requirement = {
				kind = upToNextMajorVersion;
				minimumVersion = 2.9.1;
			};
		};
/* End XCRemoteSwiftPackageReference section */

/* Begin XCSwiftPackageProductDependency section */
		8A1C3CAC2C6A4A16008B1010 /* Sparkle */ = {
			isa = XCSwiftPackageProductDependency;
			package = 8A1C3CAB2C6A4A16008B1010 /* XCRemoteSwiftPackageReference "Sparkle" */;
			productName = Sparkle;
		};
/* End XCSwiftPackageProductDependency section */
	};
	rootObject = 8A1C3C692C6A4A10008B1010 /* Project object */;
}
